
Microsoft Visual Studio Solution File, Format Version 12.00
# Visual Studio Version 16
VisualStudioVersion = 16.0.30907.101
MinimumVisualStudioVersion = 10.0.40219.1
Project("{FAE04EC0-301F-11D3-BF4B-00C04F79EFBC}") = "web-api-demo", "web-api-demo\web-api-demo.csproj", "{5A125620-334F-44D2-860C-1E4DBA9DFBDC}"
EndProject
Global
	GlobalSection(SolutionConfigurationPlatforms) = preSolution
		Debug|Any CPU = Debug|Any CPU
		Release|Any CPU = Release|Any CPU
	EndGlobalSection
	GlobalSection(ProjectConfigurationPlatforms) = postSolution
		{5A125620-334F-44D2-860C-1E4DBA9DFBDC}.Debug|Any CPU.ActiveCfg = Debug|Any CPU
		{5A125620-334F-44D2-860C-1E4DBA9DFBDC}.Debug|Any CPU.Build.0 = Debug|Any CPU
		{5A125620-334F-44D2-860C-1E4DBA9DFBDC}.Release|Any CPU.ActiveCfg = Release|Any CPU
		{5A125620-334F-44D2-860C-1E4DBA9DFBDC}.Release|Any CPU.Build.0 = Release|Any CPU
	EndGlobalSection
	GlobalSection(SolutionProperties) = preSolution
		HideSolutionNode = FALSE
	EndGlobalSection
	GlobalSection(ExtensibilityGlobals) = postSolution
		SolutionGuid = {A870085B-A774-4C01-8F59-0C5A37DDB480}
	EndGlobalSection
EndGlobal
